
Microsoft Visual Studio Solution File, Format Version 12.00
# Visual Studio Version 17
VisualStudioVersion = 17.2.32602.215
MinimumVisualStudioVersion = 10.0.40219.1
Project("{FAE04EC0-301F-11D3-BF4B-00C04F79EFBC}") = "college project", "college project\college project.csproj", "{70E9271F-8C1B-4BD5-BD09-77710FF773BB}"
EndProject
Global
	GlobalSection(SolutionConfigurationPlatforms) = preSolution
		Debug|Any CPU = Debug|Any CPU
		Release|Any CPU = Release|Any CPU
	EndGlobalSection
	GlobalSection(ProjectConfigurationPlatforms) = postSolution
		{70E9271F-8C1B-4BD5-BD09-77710FF773BB}.Debug|Any CPU.ActiveCfg = Debug|Any CPU
		{70E9271F-8C1B-4BD5-BD09-77710FF773BB}.Debug|Any CPU.Build.0 = Debug|Any CPU
		{70E9271F-8C1B-4BD5-BD09-77710FF773BB}.Release|Any CPU.ActiveCfg = Release|Any CPU
		{70E9271F-8C1B-4BD5-BD09-77710FF773BB}.Release|Any CPU.Build.0 = Release|Any CPU
	EndGlobalSection
	GlobalSection(SolutionProperties) = preSolution
		HideSolutionNode = FALSE
	EndGlobalSection
	GlobalSection(ExtensibilityGlobals) = postSolution
		SolutionGuid = {824D79D7-A983-410A-ABCA-0DCA81D42EDA}
	EndGlobalSection
EndGlobal
